
Microsoft Visual Studio Solution File, Format Version 12.00
# Visual Studio Version 16
VisualStudioVersion = 16.0.29509.3
MinimumVisualStudioVersion = 10.0.40219.1
Project("{9A19103F-16F7-4668-BE54-9A1E7A4F7556}") = "CodeChallengeJanuary2020", "CodeChallengeJanuary2020\CodeChallengeJanuary2020.csproj", "{7D5008E7-C17E-4DDA-B178-D336EA542FF6}"
EndProject
Global
	GlobalSection(SolutionConfigurationPlatforms) = preSolution
		Debug|Any CPU = Debug|Any CPU
		Release|Any CPU = Release|Any CPU
	EndGlobalSection
	GlobalSection(ProjectConfigurationPlatforms) = postSolution
		{7D5008E7-C17E-4DDA-B178-D336EA542FF6}.Debug|Any CPU.ActiveCfg = Debug|Any CPU
		{7D5008E7-C17E-4DDA-B178-D336EA542FF6}.Debug|Any CPU.Build.0 = Debug|Any CPU
		{7D5008E7-C17E-4DDA-B178-D336EA542FF6}.Release|Any CPU.ActiveCfg = Release|Any CPU
		{7D5008E7-C17E-4DDA-B178-D336EA542FF6}.Release|Any CPU.Build.0 = Release|Any CPU
	EndGlobalSection
	GlobalSection(SolutionProperties) = preSolution
		HideSolutionNode = FALSE
	EndGlobalSection
	GlobalSection(ExtensibilityGlobals) = postSolution
		SolutionGuid = {B1C6B2F1-D4AB-448D-9A97-7A7A88436B49}
	EndGlobalSection
EndGlobal
